
Microsoft Visual Studio Solution File, Format Version 12.00
# Visual Studio Version 16
VisualStudioVersion = 16.0.31410.357
MinimumVisualStudioVersion = 10.0.40219.1
Project("{FAE04EC0-301F-11D3-BF4B-00C04F79EFBC}") = "Minesweeper", "Minesweeper\Minesweeper.csproj", "{145B29EC-77EA-4B43-AA65-B0E842EAD2AC}"
EndProject
Global
	GlobalSection(SolutionConfigurationPlatforms) = preSolution
		Debug|Any CPU = Debug|Any CPU
		Release|Any CPU = Release|Any CPU
	EndGlobalSection
	GlobalSection(ProjectConfigurationPlatforms) = postSolution
		{145B29EC-77EA-4B43-AA65-B0E842EAD2AC}.Debug|Any CPU.ActiveCfg = Debug|Any CPU
		{145B29EC-77EA-4B43-AA65-B0E842EAD2AC}.Debug|Any CPU.Build.0 = Debug|Any CPU
		{145B29EC-77EA-4B43-AA65-B0E842EAD2AC}.Release|Any CPU.ActiveCfg = Release|Any CPU
		{145B29EC-77EA-4B43-AA65-B0E842EAD2AC}.Release|Any CPU.Build.0 = Release|Any CPU
	EndGlobalSection
	GlobalSection(SolutionProperties) = preSolution
		HideSolutionNode = FALSE
	EndGlobalSection
	GlobalSection(ExtensibilityGlobals) = postSolution
		SolutionGuid = {7F17386B-A28B-4570-8673-B119BFA25DAE}
	EndGlobalSection
EndGlobal
